
Microsoft Visual Studio Solution File, Format Version 12.00
# Visual Studio Version 17
VisualStudioVersion = 17.6.33815.320
MinimumVisualStudioVersion = 10.0.40219.1
Project("{8BC9CEB8-8B4A-11D0-8D11-00A0C91BC942}") = "ExerciciosDemo53Renato", "ExerciciosDemo53Renato.vcxproj", "{2F5129AC-C0CF-48D4-96A6-E45F32958E05}"
EndProject
Global
	GlobalSection(SolutionConfigurationPlatforms) = preSolution
		Debug|x64 = Debug|x64
		Debug|x86 = Debug|x86
		Release|x64 = Release|x64
		Release|x86 = Release|x86
	EndGlobalSection
	GlobalSection(ProjectConfigurationPlatforms) = postSolution
		{2F5129AC-C0CF-48D4-96A6-E45F32958E05}.Debug|x64.ActiveCfg = Debug|x64
		{2F5129AC-C0CF-48D4-96A6-E45F32958E05}.Debug|x64.Build.0 = Debug|x64
		{2F5129AC-C0CF-48D4-96A6-E45F32958E05}.Debug|x86.ActiveCfg = Debug|Win32
		{2F5129AC-C0CF-48D4-96A6-E45F32958E05}.Debug|x86.Build.0 = Debug|Win32
		{2F5129AC-C0CF-48D4-96A6-E45F32958E05}.Release|x64.ActiveCfg = Release|x64
		{2F5129AC-C0CF-48D4-96A6-E45F32958E05}.Release|x64.Build.0 = Release|x64
		{2F5129AC-C0CF-48D4-96A6-E45F32958E05}.Release|x86.ActiveCfg = Release|Win32
		{2F5129AC-C0CF-48D4-96A6-E45F32958E05}.Release|x86.Build.0 = Release|Win32
	EndGlobalSection
	GlobalSection(SolutionProperties) = preSolution
		HideSolutionNode = FALSE
	EndGlobalSection
	GlobalSection(ExtensibilityGlobals) = postSolution
		SolutionGuid = {4114E5A4-058D-44DD-8085-2D7D0684E0B0}
	EndGlobalSection
EndGlobal
