
Microsoft Visual Studio Solution File, Format Version 12.00
# Visual Studio Version 17
VisualStudioVersion = 17.7.34031.279
MinimumVisualStudioVersion = 10.0.40219.1
Project("{FAE04EC0-301F-11D3-BF4B-00C04F79EFBC}") = "biblioteca", "biblioteca.csproj", "{3DE7A5E4-9010-417F-9F74-BBC54A4F258A}"
EndProject
Global
	GlobalSection(SolutionConfigurationPlatforms) = preSolution
		Debug|Any CPU = Debug|Any CPU
		Release|Any CPU = Release|Any CPU
	EndGlobalSection
	GlobalSection(ProjectConfigurationPlatforms) = postSolution
		{3DE7A5E4-9010-417F-9F74-BBC54A4F258A}.Debug|Any CPU.ActiveCfg = Debug|Any CPU
		{3DE7A5E4-9010-417F-9F74-BBC54A4F258A}.Debug|Any CPU.Build.0 = Debug|Any CPU
		{3DE7A5E4-9010-417F-9F74-BBC54A4F258A}.Release|Any CPU.ActiveCfg = Release|Any CPU
		{3DE7A5E4-9010-417F-9F74-BBC54A4F258A}.Release|Any CPU.Build.0 = Release|Any CPU
	EndGlobalSection
	GlobalSection(SolutionProperties) = preSolution
		HideSolutionNode = FALSE
	EndGlobalSection
	GlobalSection(ExtensibilityGlobals) = postSolution
		SolutionGuid = {21CA9542-02DC-4F6A-8909-68E0C02304E8}
	EndGlobalSection
EndGlobal
