
Microsoft Visual Studio Solution File, Format Version 12.00
# Visual Studio Version 17
VisualStudioVersion = 17.7.34031.279
MinimumVisualStudioVersion = 10.0.40219.1
Project("{FAE04EC0-301F-11D3-BF4B-00C04F79EFBC}") = "14Dez", "14Dez.csproj", "{477561FB-91C4-43C9-B98C-6900CFFCD225}"
EndProject
Global
	GlobalSection(SolutionConfigurationPlatforms) = preSolution
		Debug|Any CPU = Debug|Any CPU
		Release|Any CPU = Release|Any CPU
	EndGlobalSection
	GlobalSection(ProjectConfigurationPlatforms) = postSolution
		{477561FB-91C4-43C9-B98C-6900CFFCD225}.Debug|Any CPU.ActiveCfg = Debug|Any CPU
		{477561FB-91C4-43C9-B98C-6900CFFCD225}.Debug|Any CPU.Build.0 = Debug|Any CPU
		{477561FB-91C4-43C9-B98C-6900CFFCD225}.Release|Any CPU.ActiveCfg = Release|Any CPU
		{477561FB-91C4-43C9-B98C-6900CFFCD225}.Release|Any CPU.Build.0 = Release|Any CPU
	EndGlobalSection
	GlobalSection(SolutionProperties) = preSolution
		HideSolutionNode = FALSE
	EndGlobalSection
	GlobalSection(ExtensibilityGlobals) = postSolution
		SolutionGuid = {FED64610-49F7-4DD9-8193-D65FBF0A5487}
	EndGlobalSection
EndGlobal
